// !$*UTF8*$!
{
	archiveVersion = 1;
	classes = {
	};
	objectVersion = 56;
	objects = {

/* Begin PBXBuildFile section */
		022B43852AB7024D00D6977B /* AppDelegate.swift in Sources */ = {isa = PBXBuildFile; fileRef = 022B43842AB7024D00D6977B /* AppDelegate.swift */; };
		022B43872AB7024D00D6977B /* SceneDelegate.swift in Sources */ = {isa = PBXBuildFile; fileRef = 022B43862AB7024D00D6977B /* SceneDelegate.swift */; };
		022B43892AB7024D00D6977B /* ViewController.swift in Sources */ = {isa = PBXBuildFile; fileRef = 022B43882AB7024D00D6977B /* ViewController.swift */; };
		022B438E2AB7024E00D6977B /* Assets.xcassets in Resources */ = {isa = PBXBuildFile; fileRef = 022B438D2AB7024E00D6977B /* Assets.xcassets */; };
		022B43912AB7024E00D6977B /* LaunchScreen.storyboard in Resources */ = {isa = PBXBuildFile; fileRef = 022B438F2AB7024E00D6977B /* LaunchScreen.storyboard */; };
		022B439F2AB7049E00D6977B /* BaseView.swift in Sources */ = {isa = PBXBuildFile; fileRef = 022B439E2AB7049E00D6977B /* BaseView.swift */; };
		022B43A22AB7051400D6977B /* BoardView.swift in Sources */ = {isa = PBXBuildFile; fileRef = 022B43A12AB7051400D6977B /* BoardView.swift */; };
		022B43A62AB7057D00D6977B /* BaseViewController.swift in Sources */ = {isa = PBXBuildFile; fileRef = 022B43A52AB7057D00D6977B /* BaseViewController.swift */; };
		022B43A82AB709A600D6977B /* SnakeBoard.swift in Sources */ = {isa = PBXBuildFile; fileRef = 022B43A72AB709A600D6977B /* SnakeBoard.swift */; };
		022B43AC2AB710EA00D6977B /* AppFont.swift in Sources */ = {isa = PBXBuildFile; fileRef = 022B43A92AB710EA00D6977B /* AppFont.swift */; };
		022B43AD2AB710EA00D6977B /* AppImage.swift in Sources */ = {isa = PBXBuildFile; fileRef = 022B43AA2AB710EA00D6977B /* AppImage.swift */; };
		022B43AE2AB710EA00D6977B /* AppColor.swift in Sources */ = {isa = PBXBuildFile; fileRef = 022B43AB2AB710EA00D6977B /* AppColor.swift */; };
/* End PBXBuildFile section */

/* Begin PBXFileReference section */
		022B43812AB7024D00D6977B /* Snake.app */ = {isa = PBXFileReference; explicitFileType = wrapper.application; includeInIndex = 0; path = Snake.app; sourceTree = BUILT_PRODUCTS_DIR; };
		022B43842AB7024D00D6977B /* AppDelegate.swift */ = {isa = PBXFileReference; lastKnownFileType = sourcecode.swift; path = AppDelegate.swift; sourceTree = "<group>"; };
		022B43862AB7024D00D6977B /* SceneDelegate.swift */ = {isa = PBXFileReference; lastKnownFileType = sourcecode.swift; path = SceneDelegate.swift; sourceTree = "<group>"; };
		022B43882AB7024D00D6977B /* ViewController.swift */ = {isa = PBXFileReference; lastKnownFileType = sourcecode.swift; path = ViewController.swift; sourceTree = "<group>"; };
		022B438D2AB7024E00D6977B /* Assets.xcassets */ = {isa = PBXFileReference; lastKnownFileType = folder.assetcatalog; path = Assets.xcassets; sourceTree = "<group>"; };
		022B43902AB7024E00D6977B /* Base */ = {isa = PBXFileReference; lastKnownFileType = file.storyboard; name = Base; path = Base.lproj/LaunchScreen.storyboard; sourceTree = "<group>"; };
		022B43922AB7024E00D6977B /* Info.plist */ = {isa = PBXFileReference; lastKnownFileType = text.plist.xml; path = Info.plist; sourceTree = "<group>"; };
		022B43982AB7035900D6977B /* README.md */ = {isa = PBXFileReference; lastKnownFileType = net.daringfireball.markdown; path = README.md; sourceTree = "<group>"; };
		022B439E2AB7049E00D6977B /* BaseView.swift */ = {isa = PBXFileReference; lastKnownFileType = sourcecode.swift; path = BaseView.swift; sourceTree = "<group>"; };
		022B43A12AB7051400D6977B /* BoardView.swift */ = {isa = PBXFileReference; lastKnownFileType = sourcecode.swift; path = BoardView.swift; sourceTree = "<group>"; };
		022B43A52AB7057D00D6977B /* BaseViewController.swift */ = {isa = PBXFileReference; lastKnownFileType = sourcecode.swift; path = BaseViewController.swift; sourceTree = "<group>"; };
		022B43A72AB709A600D6977B /* SnakeBoard.swift */ = {isa = PBXFileReference; lastKnownFileType = sourcecode.swift; path = SnakeBoard.swift; sourceTree = "<group>"; };
		022B43A92AB710EA00D6977B /* AppFont.swift */ = {isa = PBXFileReference; fileEncoding = 4; lastKnownFileType = sourcecode.swift; path = AppFont.swift; sourceTree = "<group>"; };
		022B43AA2AB710EA00D6977B /* AppImage.swift */ = {isa = PBXFileReference; fileEncoding = 4; lastKnownFileType = sourcecode.swift; path = AppImage.swift; sourceTree = "<group>"; };
		022B43AB2AB710EA00D6977B /* AppColor.swift */ = {isa = PBXFileReference; fileEncoding = 4; lastKnownFileType = sourcecode.swift; path = AppColor.swift; sourceTree = "<group>"; };
/* End PBXFileReference section */

/* Begin PBXFrameworksBuildPhase section */
		022B437E2AB7024D00D6977B /* Frameworks */ = {
			isa = PBXFrameworksBuildPhase;
			buildActionMask = 2147483647;
			files = (
			);
			runOnlyForDeploymentPostprocessing = 0;
		};
/* End PBXFrameworksBuildPhase section */

/* Begin PBXGroup section */
		022B43782AB7024D00D6977B = {
			isa = PBXGroup;
			children = (
				022B43982AB7035900D6977B /* README.md */,
				022B43832AB7024D00D6977B /* Snake */,
				022B43822AB7024D00D6977B /* Products */,
			);
			sourceTree = "<group>";
		};
		022B43822AB7024D00D6977B /* Products */ = {
			isa = PBXGroup;
			children = (
				022B43812AB7024D00D6977B /* Snake.app */,
			);
			name = Products;
			sourceTree = "<group>";
		};
		022B43832AB7024D00D6977B /* Snake */ = {
			isa = PBXGroup;
			children = (
				022B43A02AB704FF00D6977B /* Views */,
				022B439D2AB7048A00D6977B /* Core */,
				022B439B2AB7043800D6977B /* Models */,
				022B439A2AB7042100D6977B /* Supporting Files */,
				022B43992AB7041200D6977B /* App */,
				022B439C2AB7044D00D6977B /* Features */,
			);
			path = Snake;
			sourceTree = "<group>";
		};
		022B43992AB7041200D6977B /* App */ = {
			isa = PBXGroup;
			children = (
				022B43842AB7024D00D6977B /* AppDelegate.swift */,
				022B43862AB7024D00D6977B /* SceneDelegate.swift */,
			);
			path = App;
			sourceTree = "<group>";
		};
		022B439A2AB7042100D6977B /* Supporting Files */ = {
			isa = PBXGroup;
			children = (
				022B438D2AB7024E00D6977B /* Assets.xcassets */,
				022B438F2AB7024E00D6977B /* LaunchScreen.storyboard */,
				022B43922AB7024E00D6977B /* Info.plist */,
			);
			name = "Supporting Files";
			sourceTree = "<group>";
		};
		022B439B2AB7043800D6977B /* Models */ = {
			isa = PBXGroup;
			children = (
				022B43A72AB709A600D6977B /* SnakeBoard.swift */,
			);
			path = Models;
			sourceTree = "<group>";
		};
		022B439C2AB7044D00D6977B /* Features */ = {
			isa = PBXGroup;
			children = (
				022B43882AB7024D00D6977B /* ViewController.swift */,
			);
			path = Features;
			sourceTree = "<group>";
		};
		022B439D2AB7048A00D6977B /* Core */ = {
			isa = PBXGroup;
			children = (
				022B43AB2AB710EA00D6977B /* AppColor.swift */,
				022B43A92AB710EA00D6977B /* AppFont.swift */,
				022B43AA2AB710EA00D6977B /* AppImage.swift */,
				022B439E2AB7049E00D6977B /* BaseView.swift */,
				022B43A52AB7057D00D6977B /* BaseViewController.swift */,
			);
			path = Core;
			sourceTree = "<group>";
		};
		022B43A02AB704FF00D6977B /* Views */ = {
			isa = PBXGroup;
			children = (
				022B43A12AB7051400D6977B /* BoardView.swift */,
			);
			path = Views;
			sourceTree = "<group>";
		};
/* End PBXGroup section */

/* Begin PBXNativeTarget section */
		022B43802AB7024D00D6977B /* Snake */ = {
			isa = PBXNativeTarget;
			buildConfigurationList = 022B43952AB7024E00D6977B /* Build configuration list for PBXNativeTarget "Snake" */;
			buildPhases = (
				022B437D2AB7024D00D6977B /* Sources */,
				022B437E2AB7024D00D6977B /* Frameworks */,
				022B437F2AB7024D00D6977B /* Resources */,
			);
			buildRules = (
			);
			dependencies = (
			);
			name = Snake;
			productName = Snake;
			productReference = 022B43812AB7024D00D6977B /* Snake.app */;
			productType = "com.apple.product-type.application";
		};
/* End PBXNativeTarget section */

/* Begin PBXProject section */
		022B43792AB7024D00D6977B /* Project object */ = {
			isa = PBXProject;
			attributes = {
				BuildIndependentTargetsInParallel = 1;
				LastSwiftUpdateCheck = 1430;
				LastUpgradeCheck = 1430;
				TargetAttributes = {
					022B43802AB7024D00D6977B = {
						CreatedOnToolsVersion = 14.3.1;
					};
				};
			};
			buildConfigurationList = 022B437C2AB7024D00D6977B /* Build configuration list for PBXProject "Snake" */;
			compatibilityVersion = "Xcode 14.0";
			developmentRegion = en;
			hasScannedForEncodings = 0;
			knownRegions = (
				en,
				Base,
			);
			mainGroup = 022B43782AB7024D00D6977B;
			productRefGroup = 022B43822AB7024D00D6977B /* Products */;
			projectDirPath = "";
			projectRoot = "";
			targets = (
				022B43802AB7024D00D6977B /* Snake */,
			);
		};
/* End PBXProject section */

/* Begin PBXResourcesBuildPhase section */
		022B437F2AB7024D00D6977B /* Resources */ = {
			isa = PBXResourcesBuildPhase;
			buildActionMask = 2147483647;
			files = (
				022B43912AB7024E00D6977B /* LaunchScreen.storyboard in Resources */,
				022B438E2AB7024E00D6977B /* Assets.xcassets in Resources */,
			);
			runOnlyForDeploymentPostprocessing = 0;
		};
/* End PBXResourcesBuildPhase section */

/* Begin PBXSourcesBuildPhase section */
		022B437D2AB7024D00D6977B /* Sources */ = {
			isa = PBXSourcesBuildPhase;
			buildActionMask = 2147483647;
			files = (
				022B43AC2AB710EA00D6977B /* AppFont.swift in Sources */,
				022B43AE2AB710EA00D6977B /* AppColor.swift in Sources */,
				022B43892AB7024D00D6977B /* ViewController.swift in Sources */,
				022B43852AB7024D00D6977B /* AppDelegate.swift in Sources */,
				022B43A22AB7051400D6977B /* BoardView.swift in Sources */,
				022B43872AB7024D00D6977B /* SceneDelegate.swift in Sources */,
				022B439F2AB7049E00D6977B /* BaseView.swift in Sources */,
				022B43A62AB7057D00D6977B /* BaseViewController.swift in Sources */,
				022B43A82AB709A600D6977B /* SnakeBoard.swift in Sources */,
				022B43AD2AB710EA00D6977B /* AppImage.swift in Sources */,
			);
			runOnlyForDeploymentPostprocessing = 0;
		};
/* End PBXSourcesBuildPhase section */

/* Begin PBXVariantGroup section */
		022B438F2AB7024E00D6977B /* LaunchScreen.storyboard */ = {
			isa = PBXVariantGroup;
			children = (
				022B43902AB7024E00D6977B /* Base */,
			);
			name = LaunchScreen.storyboard;
			sourceTree = "<group>";
		};
/* End PBXVariantGroup section */

/* Begin XCBuildConfiguration section */
		022B43932AB7024E00D6977B /* Debug */ = {
			isa = XCBuildConfiguration;
			buildSettings = {
				ALWAYS_SEARCH_USER_PATHS = NO;
				CLANG_ANALYZER_NONNULL = YES;
				CLANG_ANALYZER_NUMBER_OBJECT_CONVERSION = YES_AGGRESSIVE;
				CLANG_CXX_LANGUAGE_STANDARD = "gnu++20";
				CLANG_ENABLE_MODULES = YES;
				CLANG_ENABLE_OBJC_ARC = YES;
				CLANG_ENABLE_OBJC_WEAK = YES;
				CLANG_WARN_BLOCK_CAPTURE_AUTORELEASING = YES;
				CLANG_WARN_BOOL_CONVERSION = YES;
				CLANG_WARN_COMMA = YES;
				CLANG_WARN_CONSTANT_CONVERSION = YES;
				CLANG_WARN_DEPRECATED_OBJC_IMPLEMENTATIONS = YES;
				CLANG_WARN_DIRECT_OBJC_ISA_USAGE = YES_ERROR;
				CLANG_WARN_DOCUMENTATION_COMMENTS = YES;
				CLANG_WARN_EMPTY_BODY = YES;
				CLANG_WARN_ENUM_CONVERSION = YES;
				CLANG_WARN_INFINITE_RECURSION = YES;
				CLANG_WARN_INT_CONVERSION = YES;
				CLANG_WARN_NON_LITERAL_NULL_CONVERSION = YES;
				CLANG_WARN_OBJC_IMPLICIT_RETAIN_SELF = YES;
				CLANG_WARN_OBJC_LITERAL_CONVERSION = YES;
				CLANG_WARN_OBJC_ROOT_CLASS = YES_ERROR;
				CLANG_WARN_QUOTED_INCLUDE_IN_FRAMEWORK_HEADER = YES;
				CLANG_WARN_RANGE_LOOP_ANALYSIS = YES;
				CLANG_WARN_STRICT_PROTOTYPES = YES;
				CLANG_WARN_SUSPICIOUS_MOVE = YES;
				CLANG_WARN_UNGUARDED_AVAILABILITY = YES_AGGRESSIVE;
				CLANG_WARN_UNREACHABLE_CODE = YES;
				CLANG_WARN__DUPLICATE_METHOD_MATCH = YES;
				COPY_PHASE_STRIP = NO;
				DEBUG_INFORMATION_FORMAT = dwarf;
				ENABLE_STRICT_OBJC_MSGSEND = YES;
				ENABLE_TESTABILITY = YES;
				GCC_C_LANGUAGE_STANDARD = gnu11;
				GCC_DYNAMIC_NO_PIC = NO;
				GCC_NO_COMMON_BLOCKS = YES;
				GCC_OPTIMIZATION_LEVEL = 0;
				GCC_PREPROCESSOR_DEFINITIONS = (
					"DEBUG=1",
					"$(inherited)",
				);
				GCC_WARN_64_TO_32_BIT_CONVERSION = YES;
				GCC_WARN_ABOUT_RETURN_TYPE = YES_ERROR;
				GCC_WARN_UNDECLARED_SELECTOR = YES;
				GCC_WARN_UNINITIALIZED_AUTOS = YES_AGGRESSIVE;
				GCC_WARN_UNUSED_FUNCTION = YES;
				GCC_WARN_UNUSED_VARIABLE = YES;
				IPHONEOS_DEPLOYMENT_TARGET = 16.4;
				MTL_ENABLE_DEBUG_INFO = INCLUDE_SOURCE;
				MTL_FAST_MATH = YES;
				ONLY_ACTIVE_ARCH = YES;
				SDKROOT = iphoneos;
				SWIFT_ACTIVE_COMPILATION_CONDITIONS = DEBUG;
				SWIFT_OPTIMIZATION_LEVEL = "-Onone";
			};
			name = Debug;
		};
		022B43942AB7024E00D6977B /* Release */ = {
			isa = XCBuildConfiguration;
			buildSettings = {
				ALWAYS_SEARCH_USER_PATHS = NO;
				CLANG_ANALYZER_NONNULL = YES;
				CLANG_ANALYZER_NUMBER_OBJECT_CONVERSION = YES_AGGRESSIVE;
				CLANG_CXX_LANGUAGE_STANDARD = "gnu++20";
				CLANG_ENABLE_MODULES = YES;
				CLANG_ENABLE_OBJC_ARC = YES;
				CLANG_ENABLE_OBJC_WEAK = YES;
				CLANG_WARN_BLOCK_CAPTURE_AUTORELEASING = YES;
				CLANG_WARN_BOOL_CONVERSION = YES;
				CLANG_WARN_COMMA = YES;
				CLANG_WARN_CONSTANT_CONVERSION = YES;
				CLANG_WARN_DEPRECATED_OBJC_IMPLEMENTATIONS = YES;
				CLANG_WARN_DIRECT_OBJC_ISA_USAGE = YES_ERROR;
				CLANG_WARN_DOCUMENTATION_COMMENTS = YES;
				CLANG_WARN_EMPTY_BODY = YES;
				CLANG_WARN_ENUM_CONVERSION = YES;
				CLANG_WARN_INFINITE_RECURSION = YES;
				CLANG_WARN_INT_CONVERSION = YES;
				CLANG_WARN_NON_LITERAL_NULL_CONVERSION = YES;
				CLANG_WARN_OBJC_IMPLICIT_RETAIN_SELF = YES;
				CLANG_WARN_OBJC_LITERAL_CONVERSION = YES;
				CLANG_WARN_OBJC_ROOT_CLASS = YES_ERROR;
				CLANG_WARN_QUOTED_INCLUDE_IN_FRAMEWORK_HEADER = YES;
				CLANG_WARN_RANGE_LOOP_ANALYSIS = YES;
				CLANG_WARN_STRICT_PROTOTYPES = YES;
				CLANG_WARN_SUSPICIOUS_MOVE = YES;
				CLANG_WARN_UNGUARDED_AVAILABILITY = YES_AGGRESSIVE;
				CLANG_WARN_UNREACHABLE_CODE = YES;
				CLANG_WARN__DUPLICATE_METHOD_MATCH = YES;
				COPY_PHASE_STRIP = NO;
				DEBUG_INFORMATION_FORMAT = "dwarf-with-dsym";
				ENABLE_NS_ASSERTIONS = NO;
				ENABLE_STRICT_OBJC_MSGSEND = YES;
				GCC_C_LANGUAGE_STANDARD = gnu11;
				GCC_NO_COMMON_BLOCKS = YES;
				GCC_WARN_64_TO_32_BIT_CONVERSION = YES;
				GCC_WARN_ABOUT_RETURN_TYPE = YES_ERROR;
				GCC_WARN_UNDECLARED_SELECTOR = YES;
				GCC_WARN_UNINITIALIZED_AUTOS = YES_AGGRESSIVE;
				GCC_WARN_UNUSED_FUNCTION = YES;
				GCC_WARN_UNUSED_VARIABLE = YES;
				IPHONEOS_DEPLOYMENT_TARGET = 16.4;
				MTL_ENABLE_DEBUG_INFO = NO;
				MTL_FAST_MATH = YES;
				SDKROOT = iphoneos;
				SWIFT_COMPILATION_MODE = wholemodule;
				SWIFT_OPTIMIZATION_LEVEL = "-O";
				VALIDATE_PRODUCT = YES;
			};
			name = Release;
		};
		022B43962AB7024E00D6977B /* Debug */ = {
			isa = XCBuildConfiguration;
			buildSettings = {
				ASSETCATALOG_COMPILER_APPICON_NAME = AppIcon;
				ASSETCATALOG_COMPILER_GLOBAL_ACCENT_COLOR_NAME = AccentColor;
				CODE_SIGN_STYLE = Automatic;
				CURRENT_PROJECT_VERSION = 1;
				DEVELOPMENT_TEAM = 723HTEFHBA;
				GENERATE_INFOPLIST_FILE = YES;
				INFOPLIST_FILE = Snake/Info.plist;
				INFOPLIST_KEY_LSApplicationCategoryType = "public.app-category.games";
				INFOPLIST_KEY_UIApplicationSupportsIndirectInputEvents = YES;
				INFOPLIST_KEY_UILaunchStoryboardName = LaunchScreen;
				INFOPLIST_KEY_UISupportedInterfaceOrientations = UIInterfaceOrientationPortrait;
				INFOPLIST_KEY_UISupportedInterfaceOrientations_iPad = "UIInterfaceOrientationLandscapeLeft UIInterfaceOrientationLandscapeRight UIInterfaceOrientationPortrait UIInterfaceOrientationPortraitUpsideDown";
				LD_RUNPATH_SEARCH_PATHS = (
					"$(inherited)",
					"@executable_path/Frameworks",
				);
				MARKETING_VERSION = 0.1.1;
				PRODUCT_BUNDLE_IDENTIFIER = ru.fibeapp.Snake;
				PRODUCT_NAME = "$(TARGET_NAME)";
				SWIFT_EMIT_LOC_STRINGS = YES;
				SWIFT_VERSION = 5.0;
				TARGETED_DEVICE_FAMILY = "1,2";
			};
			name = Debug;
		};
		022B43972AB7024E00D6977B /* Release */ = {
			isa = XCBuildConfiguration;
			buildSettings = {
				ASSETCATALOG_COMPILER_APPICON_NAME = AppIcon;
				ASSETCATALOG_COMPILER_GLOBAL_ACCENT_COLOR_NAME = AccentColor;
				CODE_SIGN_STYLE = Automatic;
				CURRENT_PROJECT_VERSION = 1;
				DEVELOPMENT_TEAM = 723HTEFHBA;
				GENERATE_INFOPLIST_FILE = YES;
				INFOPLIST_FILE = Snake/Info.plist;
				INFOPLIST_KEY_LSApplicationCategoryType = "public.app-category.games";
				INFOPLIST_KEY_UIApplicationSupportsIndirectInputEvents = YES;
				INFOPLIST_KEY_UILaunchStoryboardName = LaunchScreen;
				INFOPLIST_KEY_UISupportedInterfaceOrientations = UIInterfaceOrientationPortrait;
				INFOPLIST_KEY_UISupportedInterfaceOrientations_iPad = "UIInterfaceOrientationLandscapeLeft UIInterfaceOrientationLandscapeRight UIInterfaceOrientationPortrait UIInterfaceOrientationPortraitUpsideDown";
				LD_RUNPATH_SEARCH_PATHS = (
					"$(inherited)",
					"@executable_path/Frameworks",
				);
				MARKETING_VERSION = 0.1.1;
				PRODUCT_BUNDLE_IDENTIFIER = ru.fibeapp.Snake;
				PRODUCT_NAME = "$(TARGET_NAME)";
				SWIFT_EMIT_LOC_STRINGS = YES;
				SWIFT_VERSION = 5.0;
				TARGETED_DEVICE_FAMILY = "1,2";
			};
			name = Release;
		};
/* End XCBuildConfiguration section */

/* Begin XCConfigurationList section */
		022B437C2AB7024D00D6977B /* Build configuration list for PBXProject "Snake" */ = {
			isa = XCConfigurationList;
			buildConfigurations = (
				022B43932AB7024E00D6977B /* Debug */,
				022B43942AB7024E00D6977B /* Release */,
			);
			defaultConfigurationIsVisible = 0;
			defaultConfigurationName = Release;
		};
		022B43952AB7024E00D6977B /* Build configuration list for PBXNativeTarget "Snake" */ = {
			isa = XCConfigurationList;
			buildConfigurations = (
				022B43962AB7024E00D6977B /* Debug */,
				022B43972AB7024E00D6977B /* Release */,
			);
			defaultConfigurationIsVisible = 0;
			defaultConfigurationName = Release;
		};
/* End XCConfigurationList section */
	};
	rootObject = 022B43792AB7024D00D6977B /* Project object */;
}
